{
  "name": "weeg-tabs",
  "version": "0.2.0",
  "lockfileVersion": 2,
  "requires": true,
  "packages": {
    "": {
      "name": "weeg-tabs",
      "version": "0.2.0",
      "license": "Apache-2.0",
      "dependencies": {
        "webextension-polyfill": "^0.10.0",
        "weeg-containers": "^0.1.0",
        "weeg-serializer": "^0.1.0",
        "weeg-utils": "^0.5.0"
      },
      "devDependencies": {
        "@types/webextension-polyfill": "^0.10.0",
        "typescript": "^5.0.3"
      }
    },
    "node_modules/@types/webextension-polyfill": {
      "version": "0.10.0",
      "resolved": "https://registry.npmjs.org/@types/webextension-polyfill/-/webextension-polyfill-0.10.0.tgz",
      "integrity": "sha512-If4EcaHzYTqcbNMp/FdReVdRmLL/Te42ivnJII551bYjhX19bWem5m14FERCqdJA732OloGuxCRvLBvcMGsn4A==",
      "dev": true
    },
    "node_modules/typescript": {
      "version": "5.0.3",
      "resolved": "https://registry.npmjs.org/typescript/-/typescript-5.0.3.tgz",
      "integrity": "sha512-xv8mOEDnigb/tN9PSMTwSEqAnUvkoXMQlicOb0IUVDBSQCgBSaAAROUZYy2IcUy5qU6XajK5jjjO7TMWqBTKZA==",
      "dev": true,
      "bin": {
        "tsc": "bin/tsc",
        "tsserver": "bin/tsserver"
      },
      "engines": {
        "node": ">=12.20"
      }
    },
    "node_modules/webextension-polyfill": {
      "version": "0.10.0",
      "resolved": "https://registry.npmjs.org/webextension-polyfill/-/webextension-polyfill-0.10.0.tgz",
      "integrity": "sha512-c5s35LgVa5tFaHhrZDnr3FpQpjj1BB+RXhLTYUxGqBVN460HkbM8TBtEqdXWbpTKfzwCcjAZVF7zXCYSKtcp9g=="
    },
    "node_modules/weeg-containers": {
      "version": "0.1.0",
      "resolved": "https://registry.npmjs.org/weeg-containers/-/weeg-containers-0.1.0.tgz",
      "integrity": "sha512-WCUSB9pEAqBtwI4Fz/6mXgfdMb07RmK+7+WDP7J6uidbD6J7PZhKM/BJTsDqAs93P0R0+MsM7R3DqTp3V4MqQw==",
      "dependencies": {
        "webextension-polyfill": "^0.10.0",
        "weeg-events": "^0.1.0",
        "weeg-storage": "^0.3.0",
        "weeg-types": "^0.1.0",
        "weeg-utils": "^0.2.0"
      }
    },
    "node_modules/weeg-containers/node_modules/weeg-utils": {
      "version": "0.2.0",
      "resolved": "https://registry.npmjs.org/weeg-utils/-/weeg-utils-0.2.0.tgz",
      "integrity": "sha512-sJtvUhtyBh+GC+eZ87VG4vMifU8R67o5d7G8I17P/kvjvPamtnViwPNaW2zhpe87Q/VG+cuJmYHVZFA4PJjsJQ==",
      "dependencies": {
        "webextension-polyfill": "^0.10.0",
        "weeg-events": "^0.1.0",
        "weeg-types": "^0.1.0"
      }
    },
    "node_modules/weeg-events": {
      "version": "0.1.0",
      "resolved": "https://registry.npmjs.org/weeg-events/-/weeg-events-0.1.0.tgz",
      "integrity": "sha512-KlKEjOCF+3j6a1qop6JnkEc0g1tNgeoterkSFbzxRoI503nCQ7PcQfWomSkRkB4dfFbKpT1JkvNnYL2ZwBfqgg=="
    },
    "node_modules/weeg-serializer": {
      "version": "0.1.0",
      "resolved": "https://registry.npmjs.org/weeg-serializer/-/weeg-serializer-0.1.0.tgz",
      "integrity": "sha512-/ZOaq7zfkTGT0ZJXOl0Eb/tovhCqtveDeTNu9cd4cSrTurNoSSyzhRFJj/y25oKLDFB7P9/0gc30p5SEazdGZw=="
    },
    "node_modules/weeg-storage": {
      "version": "0.3.0",
      "resolved": "https://registry.npmjs.org/weeg-storage/-/weeg-storage-0.3.0.tgz",
      "integrity": "sha512-8s7oJT2somM4KXQ+YVi7AJFEoYe/qO1n6R2YhHllBFB9rCOkx0j0xy/Jgyek7g2OL+E1QO5CaGA0Xjtc6bcb6A==",
      "dependencies": {
        "webextension-polyfill": "^0.10.0",
        "weeg-events": "^0.1.0"
      }
    },
    "node_modules/weeg-types": {
      "version": "0.1.0",
      "resolved": "https://registry.npmjs.org/weeg-types/-/weeg-types-0.1.0.tgz",
      "integrity": "sha512-0rHdLloKfUI4JS7XDlAr728HvGryObBNZrGhpuH34y2mrIS+jSsq7UqY2j5k8b/V0fJszMwF42b7fd41OqaLtQ=="
    },
    "node_modules/weeg-utils": {
      "version": "0.5.0",
      "resolved": "https://registry.npmjs.org/weeg-utils/-/weeg-utils-0.5.0.tgz",
      "integrity": "sha512-grjTP9locFpmqTwm+H+3JvRJXRAW8FCv0eaWMjhfkFYZ4uPYVVNiUdAV0xnLtyLmP/aa1hVc+yuZIoAl9y0NhA==",
      "dependencies": {
        "webextension-polyfill": "^0.10.0",
        "weeg-events": "^0.1.0",
        "weeg-types": "^0.1.0"
      }
    }
  },
  "dependencies": {
    "@types/webextension-polyfill": {
      "version": "0.10.0",
      "resolved": "https://registry.npmjs.org/@types/webextension-polyfill/-/webextension-polyfill-0.10.0.tgz",
      "integrity": "sha512-If4EcaHzYTqcbNMp/FdReVdRmLL/Te42ivnJII551bYjhX19bWem5m14FERCqdJA732OloGuxCRvLBvcMGsn4A==",
      "dev": true
    },
    "typescript": {
      "version": "5.0.3",
      "resolved": "https://registry.npmjs.org/typescript/-/typescript-5.0.3.tgz",
      "integrity": "sha512-xv8mOEDnigb/tN9PSMTwSEqAnUvkoXMQlicOb0IUVDBSQCgBSaAAROUZYy2IcUy5qU6XajK5jjjO7TMWqBTKZA==",
      "dev": true
    },
    "webextension-polyfill": {
      "version": "0.10.0",
      "resolved": "https://registry.npmjs.org/webextension-polyfill/-/webextension-polyfill-0.10.0.tgz",
      "integrity": "sha512-c5s35LgVa5tFaHhrZDnr3FpQpjj1BB+RXhLTYUxGqBVN460HkbM8TBtEqdXWbpTKfzwCcjAZVF7zXCYSKtcp9g=="
    },
    "weeg-containers": {
      "version": "0.1.0",
      "resolved": "https://registry.npmjs.org/weeg-containers/-/weeg-containers-0.1.0.tgz",
      "integrity": "sha512-WCUSB9pEAqBtwI4Fz/6mXgfdMb07RmK+7+WDP7J6uidbD6J7PZhKM/BJTsDqAs93P0R0+MsM7R3DqTp3V4MqQw==",
      "requires": {
        "webextension-polyfill": "^0.10.0",
        "weeg-events": "^0.1.0",
        "weeg-storage": "^0.3.0",
        "weeg-types": "^0.1.0",
        "weeg-utils": "^0.2.0"
      },
      "dependencies": {
        "weeg-utils": {
          "version": "0.2.0",
          "resolved": "https://registry.npmjs.org/weeg-utils/-/weeg-utils-0.2.0.tgz",
          "integrity": "sha512-sJtvUhtyBh+GC+eZ87VG4vMifU8R67o5d7G8I17P/kvjvPamtnViwPNaW2zhpe87Q/VG+cuJmYHVZFA4PJjsJQ==",
          "requires": {
            "webextension-polyfill": "^0.10.0",
            "weeg-events": "^0.1.0",
            "weeg-types": "^0.1.0"
          }
        }
      }
    },
    "weeg-events": {
      "version": "0.1.0",
      "resolved": "https://registry.npmjs.org/weeg-events/-/weeg-events-0.1.0.tgz",
      "integrity": "sha512-KlKEjOCF+3j6a1qop6JnkEc0g1tNgeoterkSFbzxRoI503nCQ7PcQfWomSkRkB4dfFbKpT1JkvNnYL2ZwBfqgg=="
    },
    "weeg-serializer": {
      "version": "0.1.0",
      "resolved": "https://registry.npmjs.org/weeg-serializer/-/weeg-serializer-0.1.0.tgz",
      "integrity": "sha512-/ZOaq7zfkTGT0ZJXOl0Eb/tovhCqtveDeTNu9cd4cSrTurNoSSyzhRFJj/y25oKLDFB7P9/0gc30p5SEazdGZw=="
    },
    "weeg-storage": {
      "version": "0.3.0",
      "resolved": "https://registry.npmjs.org/weeg-storage/-/weeg-storage-0.3.0.tgz",
      "integrity": "sha512-8s7oJT2somM4KXQ+YVi7AJFEoYe/qO1n6R2YhHllBFB9rCOkx0j0xy/Jgyek7g2OL+E1QO5CaGA0Xjtc6bcb6A==",
      "requires": {
        "webextension-polyfill": "^0.10.0",
        "weeg-events": "^0.1.0"
      }
    },
    "weeg-types": {
      "version": "0.1.0",
      "resolved": "https://registry.npmjs.org/weeg-types/-/weeg-types-0.1.0.tgz",
      "integrity": "sha512-0rHdLloKfUI4JS7XDlAr728HvGryObBNZrGhpuH34y2mrIS+jSsq7UqY2j5k8b/V0fJszMwF42b7fd41OqaLtQ=="
    },
    "weeg-utils": {
      "version": "0.5.0",
      "resolved": "https://registry.npmjs.org/weeg-utils/-/weeg-utils-0.5.0.tgz",
      "integrity": "sha512-grjTP9locFpmqTwm+H+3JvRJXRAW8FCv0eaWMjhfkFYZ4uPYVVNiUdAV0xnLtyLmP/aa1hVc+yuZIoAl9y0NhA==",
      "requires": {
        "webextension-polyfill": "^0.10.0",
        "weeg-events": "^0.1.0",
        "weeg-types": "^0.1.0"
      }
    }
  }
}
